
Microsoft Visual Studio Solution File, Format Version 12.00
# Visual Studio Version 16
VisualStudioVersion = 16.0.29009.5
MinimumVisualStudioVersion = 10.0.40219.1
Project("{FAE04EC0-301F-11D3-BF4B-00C04F79EFBC}") = "ProductCatalogAPI", "ProductCatalogAPI\ProductCatalogAPI.csproj", "{6B64E5A7-740F-4A2F-869E-10FD1241B7F7}"
EndProject
Project("{FAE04EC0-301F-11D3-BF4B-00C04F79EFBC}") = "ProductDAL", "ProductContext\ProductDAL.csproj", "{9105EB0E-2638-40B1-863B-C85B7F4854AB}"
EndProject
Project("{FAE04EC0-301F-11D3-BF4B-00C04F79EFBC}") = "ProductBLL", "Product.BLL\ProductBLL.csproj", "{DBF6D527-747E-4F35-AE36-AEDBCBA7F45B}"
EndProject
Global
	GlobalSection(SolutionConfigurationPlatforms) = preSolution
		Debug|Any CPU = Debug|Any CPU
		Release|Any CPU = Release|Any CPU
	EndGlobalSection
	GlobalSection(ProjectConfigurationPlatforms) = postSolution
		{6B64E5A7-740F-4A2F-869E-10FD1241B7F7}.Debug|Any CPU.ActiveCfg = Debug|Any CPU
		{6B64E5A7-740F-4A2F-869E-10FD1241B7F7}.Debug|Any CPU.Build.0 = Debug|Any CPU
		{6B64E5A7-740F-4A2F-869E-10FD1241B7F7}.Release|Any CPU.ActiveCfg = Release|Any CPU
		{6B64E5A7-740F-4A2F-869E-10FD1241B7F7}.Release|Any CPU.Build.0 = Release|Any CPU
		{9105EB0E-2638-40B1-863B-C85B7F4854AB}.Debug|Any CPU.ActiveCfg = Debug|Any CPU
		{9105EB0E-2638-40B1-863B-C85B7F4854AB}.Debug|Any CPU.Build.0 = Debug|Any CPU
		{9105EB0E-2638-40B1-863B-C85B7F4854AB}.Release|Any CPU.ActiveCfg = Release|Any CPU
		{9105EB0E-2638-40B1-863B-C85B7F4854AB}.Release|Any CPU.Build.0 = Release|Any CPU
		{DBF6D527-747E-4F35-AE36-AEDBCBA7F45B}.Debug|Any CPU.ActiveCfg = Debug|Any CPU
		{DBF6D527-747E-4F35-AE36-AEDBCBA7F45B}.Debug|Any CPU.Build.0 = Debug|Any CPU
		{DBF6D527-747E-4F35-AE36-AEDBCBA7F45B}.Release|Any CPU.ActiveCfg = Release|Any CPU
		{DBF6D527-747E-4F35-AE36-AEDBCBA7F45B}.Release|Any CPU.Build.0 = Release|Any CPU
	EndGlobalSection
	GlobalSection(SolutionProperties) = preSolution
		HideSolutionNode = FALSE
	EndGlobalSection
	GlobalSection(ExtensibilityGlobals) = postSolution
		SolutionGuid = {7DDD73E2-D142-4A39-8D9D-1A320A787FE8}
	EndGlobalSection
EndGlobal
